
Microsoft Visual Studio Solution File, Format Version 12.00
# Visual Studio 15
VisualStudioVersion = 15.0.27130.2010
MinimumVisualStudioVersion = 10.0.40219.1
Project("{FAE04EC0-301F-11D3-BF4B-00C04F79EFBC}") = "OpeningForm", "OpeningForm\OpeningForm.csproj", "{5E41ED3D-C97D-4C2E-BFCA-AF2CB6F6AB17}"
EndProject
Global
	GlobalSection(SolutionConfigurationPlatforms) = preSolution
		Debug|Any CPU = Debug|Any CPU
		Release|Any CPU = Release|Any CPU
	EndGlobalSection
	GlobalSection(ProjectConfigurationPlatforms) = postSolution
		{5E41ED3D-C97D-4C2E-BFCA-AF2CB6F6AB17}.Debug|Any CPU.ActiveCfg = Debug|Any CPU
		{5E41ED3D-C97D-4C2E-BFCA-AF2CB6F6AB17}.Debug|Any CPU.Build.0 = Debug|Any CPU
		{5E41ED3D-C97D-4C2E-BFCA-AF2CB6F6AB17}.Release|Any CPU.ActiveCfg = Release|Any CPU
		{5E41ED3D-C97D-4C2E-BFCA-AF2CB6F6AB17}.Release|Any CPU.Build.0 = Release|Any CPU
	EndGlobalSection
	GlobalSection(SolutionProperties) = preSolution
		HideSolutionNode = FALSE
	EndGlobalSection
	GlobalSection(ExtensibilityGlobals) = postSolution
		SolutionGuid = {D9F22826-B55B-41EA-B98C-9070F75E23A9}
	EndGlobalSection
EndGlobal
